
Microsoft Visual Studio Solution File, Format Version 12.00
# Visual Studio 15
Project("{FAE04EC0-301F-11D3-BF4B-00C04F79EFBC}") = "Assembly-CSharp", "Assembly-CSharp.csproj", "{BC7B009F-4F79-05B9-A9B4-86EC3CC2F0CD}"
EndProject
Project("{FAE04EC0-301F-11D3-BF4B-00C04F79EFBC}") = "Assembly-CSharp-Editor", "Assembly-CSharp-Editor.csproj", "{9E787516-69CB-E107-6731-522A313B0A3A}"
EndProject
Global
	GlobalSection(SolutionConfigurationPlatforms) = preSolution
		Debug|Any CPU = Debug|Any CPU
		Release|Any CPU = Release|Any CPU
	EndGlobalSection
	GlobalSection(ProjectConfigurationPlatforms) = postSolution
		{BC7B009F-4F79-05B9-A9B4-86EC3CC2F0CD}.Debug|Any CPU.ActiveCfg = Debug|Any CPU
		{BC7B009F-4F79-05B9-A9B4-86EC3CC2F0CD}.Debug|Any CPU.Build.0 = Debug|Any CPU
		{BC7B009F-4F79-05B9-A9B4-86EC3CC2F0CD}.Release|Any CPU.ActiveCfg = Release|Any CPU
		{BC7B009F-4F79-05B9-A9B4-86EC3CC2F0CD}.Release|Any CPU.Build.0 = Release|Any CPU
		{9E787516-69CB-E107-6731-522A313B0A3A}.Debug|Any CPU.ActiveCfg = Debug|Any CPU
		{9E787516-69CB-E107-6731-522A313B0A3A}.Debug|Any CPU.Build.0 = Debug|Any CPU
		{9E787516-69CB-E107-6731-522A313B0A3A}.Release|Any CPU.ActiveCfg = Release|Any CPU
		{9E787516-69CB-E107-6731-522A313B0A3A}.Release|Any CPU.Build.0 = Release|Any CPU
	EndGlobalSection
	GlobalSection(SolutionProperties) = preSolution
		HideSolutionNode = FALSE
	EndGlobalSection
EndGlobal
